PODS:
  - CocoaAsyncSocket (7.6.5)
  - Masonry (1.1.0)
  - TuyaDefaultPanelUIKit (0.1.3):
    - Masonry
  - TuyaSmartActivatorCoreKit (3.33.2):
    - TuyaSmartDeviceCoreKit (>= 3.32.0)
    - TuyaSmartMbedTLS (>= 3.33.1)
  - TuyaSmartActivatorKit (3.32.5):
    - TuyaSmartActivatorCoreKit
    - TuyaSmartDeviceKit
  - TuyaSmartBaseKit (3.33.2):
    - TuyaSmartNetworkKit (>= 3.32.0)
    - YYModel
  - TuyaSmartBLECoreKit (3.34.10):
    - TuyaSmartUtil (>= 3.32.0)
    - TYBluetooth (< 10.0)
    - YYModel
  - TuyaSmartBLEKit (3.34.10):
    - TuyaSmartBLECoreKit (~> 3.34.9)
    - TuyaSmartDeviceCoreKit (>= 3.32.0)
    - TYBluetooth (>= 3.32.0)
  - TuyaSmartBLEMeshKit (3.34.7):
    - TuyaSmartActivatorCoreKit (>= 3.32.0)
    - TuyaSmartBLEKit (>= 3.32.0)
    - TuyaSmartDeviceCoreKit (>= 3.34.0)
  - TuyaSmartDefaultPanelKit (2.0.4):
    - TuyaDefaultPanelUIKit
    - TuyaSmartDeviceCoreKit
  - TuyaSmartDeviceCoreKit (3.34.7):
    - TuyaSmartBaseKit (>= 3.32.0)
    - TuyaSmartMQTTChannelKit (>= 3.32.0)
    - TuyaSmartSocketChannelKit (>= 3.32.0)
    - TuyaSmartUtil (>= 3.32.0)
  - TuyaSmartDeviceKit (3.34.3):
    - TuyaSmartBaseKit
    - TuyaSmartDeviceCoreKit (>= 3.32.0-rc1)
    - TuyaSmartShareKit
  - TuyaSmartFeedbackKit (3.33.5):
    - TuyaSmartBaseKit
  - TuyaSmartHomeKit (3.34.5):
    - TuyaDefaultPanelUIKit (~> 0.1.0)
    - TuyaSmartActivatorCoreKit (~> 3.33.0)
    - TuyaSmartActivatorKit (~> 3.32.0)
    - TuyaSmartBaseKit (~> 3.33.0)
    - TuyaSmartBLECoreKit (~> 3.34.0)
    - TuyaSmartBLEKit (~> 3.34.0)
    - TuyaSmartBLEMeshKit (~> 3.34.0)
    - TuyaSmartDefaultPanelKit (~> 2.0.0)
    - TuyaSmartDeviceCoreKit (~> 3.34.0)
    - TuyaSmartDeviceKit (~> 3.34.0)
    - TuyaSmartFeedbackKit (~> 3.33.0)
    - TuyaSmartMbedTLS (~> 3.33.0)
    - TuyaSmartMessageKit (~> 3.33.0)
    - TuyaSmartMQTTChannelKit (~> 3.32.0)
    - TuyaSmartNetworkKit (~> 3.34.0)
    - TuyaSmartQUIC (~> 1.2.0)
    - TuyaSmartSceneCoreKit (~> 3.34.0)
    - TuyaSmartSceneKit (~> 3.33.0)
    - TuyaSmartShareKit (~> 1.3.0)
    - TuyaSmartSocketChannelKit (~> 3.33.0)
    - TuyaSmartTimerKit (~> 3.33.0)
    - TuyaSmartUtil (~> 3.32.0)
    - TYBluetooth (~> 3.34.0)
    - TYMbedtls (~> 2.25.0)
  - TuyaSmartMbedTLS (3.33.3):
    - TYMbedtls (>= 2.25.1)
  - TuyaSmartMessageKit (3.33.5):
    - TuyaSmartBaseKit
  - TuyaSmartMQTTChannelKit (3.32.0):
    - TuyaSmartNetworkKit (>= 3.32.0)
    - TuyaSmartQUIC (>= 1.1.4)
  - TuyaSmartNetworkKit (3.34.5):
    - TuyaSmartUtil (>= 3.32.5)
    - YYModel
  - TuyaSmartQUIC (1.2.0)
  - TuyaSmartSceneCoreKit (3.34.6):
    - TuyaSmartBaseKit
    - TuyaSmartDeviceCoreKit
  - TuyaSmartSceneKit (3.33.6):
    - TuyaSmartBaseKit
    - TuyaSmartDeviceKit
    - TuyaSmartSceneCoreKit
  - TuyaSmartShareKit (1.3.2):
    - TuyaSmartBaseKit
  - TuyaSmartSocketChannelKit (3.33.0):
    - CocoaAsyncSocket (>= 7.4.3)
    - TuyaSmartUtil (>= 3.32.0)
  - TuyaSmartTimerKit (3.33.0):
    - TuyaSmartBaseKit
    - TuyaSmartDeviceCoreKit
  - TuyaSmartUtil (3.32.5)
  - TYBluetooth (3.34.1):
    - TuyaSmartUtil (>= 3.32.0)
  - TYMbedtls (2.25.2)
  - YYModel (1.0.4)

DEPENDENCIES:
  - TuyaSmartHomeKit

SPEC REPOS:
  trunk:
    - CocoaAsyncSocket
    - Masonry
    - TuyaDefaultPanelUIKit
    - TuyaSmartActivatorCoreKit
    - TuyaSmartActivatorKit
    - TuyaSmartBaseKit
    - TuyaSmartBLECoreKit
    - TuyaSmartBLEKit
    - TuyaSmartBLEMeshKit
    - TuyaSmartDefaultPanelKit
    - TuyaSmartDeviceCoreKit
    - TuyaSmartDeviceKit
    - TuyaSmartFeedbackKit
    - TuyaSmartHomeKit
    - TuyaSmartMbedTLS
    - TuyaSmartMessageKit
    - TuyaSmartMQTTChannelKit
    - TuyaSmartNetworkKit
    - TuyaSmartQUIC
    - TuyaSmartSceneCoreKit
    - TuyaSmartSceneKit
    - TuyaSmartShareKit
    - TuyaSmartSocketChannelKit
    - TuyaSmartTimerKit
    - TuyaSmartUtil
    - TYBluetooth
    - TYMbedtls
    - YYModel

SPEC CHECKSUMS:
  CocoaAsyncSocket: 065fd1e645c7abab64f7a6a2007a48038fdc6a99
  Masonry: 678fab65091a9290e40e2832a55e7ab731aad201
  TuyaDefaultPanelUIKit: 8effb6fa45dc5f827ecc87a94a0d491ef0604f8c
  TuyaSmartActivatorCoreKit: bc48a6449762d2a7692dedc4639fb830f0956737
  TuyaSmartActivatorKit: cd697fc10965589743a88c6117e804306b03e140
  TuyaSmartBaseKit: 41bccb312a050e1813b938a6c6a8d829f2301f3b
  TuyaSmartBLECoreKit: 288b8d168aae4f5122dc98758129293912782ec9
  TuyaSmartBLEKit: ab381a874c53f9d4ae1aab09aa46bf408a4c39e5
  TuyaSmartBLEMeshKit: 819d336d7b37df74b080e38d0443363ed9892ea7
  TuyaSmartDefaultPanelKit: 77d9d7a286920b140cd3fb8525d17d20b941450d
  TuyaSmartDeviceCoreKit: a7b62358a818d5b7d60562c0b621a06feffa0199
  TuyaSmartDeviceKit: 4c05550219fec1867f3b4ced4e22726d1344886a
  TuyaSmartFeedbackKit: eb12d0767b9f09c6f765fbffa6e06e7f89ce9a90
  TuyaSmartHomeKit: 75450605d27789ca9aaec982861ea1b0fa3c4860
  TuyaSmartMbedTLS: 7fb545e0e1cfef546be2c7aafd0ab9f0642976b6
  TuyaSmartMessageKit: 21383406bc813526731505cef2a8968039b0c28c
  TuyaSmartMQTTChannelKit: 83dd5057d8f32436b079588c049a2038a590c025
  TuyaSmartNetworkKit: 5fb3b467aa547ef7e3dddf1e07bdcd659cec6931
  TuyaSmartQUIC: fc6d0cc6123734c8268f8c1354697203c8b16a82
  TuyaSmartSceneCoreKit: 9ad83b560df37344da2cfa8c0a3be202d39e93cc
  TuyaSmartSceneKit: 1f9cecad018120047200e4c6d81b5732c2690785
  TuyaSmartShareKit: 7809ef43c360fa1ec7636659c6dd108db1f25422
  TuyaSmartSocketChannelKit: 692000b1139b0c2dfde63aa6f2562668d584a886
  TuyaSmartTimerKit: f3bd2c93136edca6d59855c959127992627657fc
  TuyaSmartUtil: 2e39e5fefd117767c7b2a4d8e2333afca1072170
  TYBluetooth: a2c99b14fc8c50e18c13c3e3be198089b22be866
  TYMbedtls: de670f7c1a5bb00d658067c76ec19bda4966611c
  YYModel: 2a7fdd96aaa4b86a824e26d0c517de8928c04b30

PODFILE CHECKSUM: aa16e0f5919f25fafe8d264a143c2581eb1cfe88

COCOAPODS: 1.11.3
